
Microsoft Visual Studio Solution File, Format Version 12.00
Project("{FAE04EC0-301F-11D3-BF4B-00C04F79EFBC}") = "EucRepo", "EucRepo\EucRepo.csproj", "{20FF5DD7-F4AA-4E57-AFCC-0659E32D6299}"
EndProject
Global
	GlobalSection(SolutionConfigurationPlatforms) = preSolution
		Debug|Any CPU = Debug|Any CPU
		Release|Any CPU = Release|Any CPU
	EndGlobalSection
	GlobalSection(ProjectConfigurationPlatforms) = postSolution
		{20FF5DD7-F4AA-4E57-AFCC-0659E32D6299}.Debug|Any CPU.ActiveCfg = Debug|Any CPU
		{20FF5DD7-F4AA-4E57-AFCC-0659E32D6299}.Debug|Any CPU.Build.0 = Debug|Any CPU
		{20FF5DD7-F4AA-4E57-AFCC-0659E32D6299}.Release|Any CPU.ActiveCfg = Release|Any CPU
		{20FF5DD7-F4AA-4E57-AFCC-0659E32D6299}.Release|Any CPU.Build.0 = Release|Any CPU
	EndGlobalSection
EndGlobal
